
Microsoft Visual Studio Solution File, Format Version 12.00
# Visual Studio 15
VisualStudioVersion = 15.0.28307.421
MinimumVisualStudioVersion = 10.0.40219.1
Project("{FAE04EC0-301F-11D3-BF4B-00C04F79EFBC}") = "JokesWebApp", "JokesWebApp\JokesWebApp.csproj", "{806A1E3C-05D1-4A6F-9F99-12B2D7B53B18}"
EndProject
Global
	GlobalSection(SolutionConfigurationPlatforms) = preSolution
		Debug|Any CPU = Debug|Any CPU
		Release|Any CPU = Release|Any CPU
	EndGlobalSection
	GlobalSection(ProjectConfigurationPlatforms) = postSolution
		{806A1E3C-05D1-4A6F-9F99-12B2D7B53B18}.Debug|Any CPU.ActiveCfg = Debug|Any CPU
		{806A1E3C-05D1-4A6F-9F99-12B2D7B53B18}.Debug|Any CPU.Build.0 = Debug|Any CPU
		{806A1E3C-05D1-4A6F-9F99-12B2D7B53B18}.Release|Any CPU.ActiveCfg = Release|Any CPU
		{806A1E3C-05D1-4A6F-9F99-12B2D7B53B18}.Release|Any CPU.Build.0 = Release|Any CPU
	EndGlobalSection
	GlobalSection(SolutionProperties) = preSolution
		HideSolutionNode = FALSE
	EndGlobalSection
	GlobalSection(ExtensibilityGlobals) = postSolution
		SolutionGuid = {FDA9E06D-BC09-4465-B777-1FCE9F22DF22}
	EndGlobalSection
EndGlobal
